
Microsoft Visual Studio Solution File, Format Version 12.00
# Visual Studio Version 17
VisualStudioVersion = 17.0.32014.148
MinimumVisualStudioVersion = 10.0.40219.1
Project("{9A19103F-16F7-4668-BE54-9A1E7A4F7556}") = "Backoffice bibliotheque", "Backoffice bibliotheque\Backoffice bibliotheque.csproj", "{F21E922D-B818-48BF-A63C-442AAA74F9B4}"
EndProject
Project("{FAE04EC0-301F-11D3-BF4B-00C04F79EFBC}") = "Data", "Data\Data.csproj", "{BCD2F725-55F1-4041-84EF-93A6CEA388C3}"
EndProject
Global
	GlobalSection(SolutionConfigurationPlatforms) = preSolution
		Debug|Any CPU = Debug|Any CPU
		Release|Any CPU = Release|Any CPU
	EndGlobalSection
	GlobalSection(ProjectConfigurationPlatforms) = postSolution
		{F21E922D-B818-48BF-A63C-442AAA74F9B4}.Debug|Any CPU.ActiveCfg = Debug|Any CPU
		{F21E922D-B818-48BF-A63C-442AAA74F9B4}.Debug|Any CPU.Build.0 = Debug|Any CPU
		{F21E922D-B818-48BF-A63C-442AAA74F9B4}.Release|Any CPU.ActiveCfg = Release|Any CPU
		{F21E922D-B818-48BF-A63C-442AAA74F9B4}.Release|Any CPU.Build.0 = Release|Any CPU
		{BCD2F725-55F1-4041-84EF-93A6CEA388C3}.Debug|Any CPU.ActiveCfg = Debug|Any CPU
		{BCD2F725-55F1-4041-84EF-93A6CEA388C3}.Debug|Any CPU.Build.0 = Debug|Any CPU
		{BCD2F725-55F1-4041-84EF-93A6CEA388C3}.Release|Any CPU.ActiveCfg = Release|Any CPU
		{BCD2F725-55F1-4041-84EF-93A6CEA388C3}.Release|Any CPU.Build.0 = Release|Any CPU
	EndGlobalSection
	GlobalSection(SolutionProperties) = preSolution
		HideSolutionNode = FALSE
	EndGlobalSection
	GlobalSection(ExtensibilityGlobals) = postSolution
		SolutionGuid = {04021723-2290-4C37-9B61-0A01E63829FF}
	EndGlobalSection
EndGlobal
